
Microsoft Visual Studio Solution File, Format Version 12.00
# Visual Studio 2012
Project("{FAE04EC0-301F-11D3-BF4B-00C04F79EFBC}") = "myAntlr", "myAntlr\myAntlr.csproj", "{DA6F2EA3-66A8-4BF7-A451-E85A4828794D}"
EndProject
Global
	GlobalSection(SolutionConfigurationPlatforms) = preSolution
		Debug|Any CPU = Debug|Any CPU
		Release|Any CPU = Release|Any CPU
	EndGlobalSection
	GlobalSection(ProjectConfigurationPlatforms) = postSolution
		{DA6F2EA3-66A8-4BF7-A451-E85A4828794D}.Debug|Any CPU.ActiveCfg = Debug|Any CPU
		{DA6F2EA3-66A8-4BF7-A451-E85A4828794D}.Debug|Any CPU.Build.0 = Debug|Any CPU
		{DA6F2EA3-66A8-4BF7-A451-E85A4828794D}.Release|Any CPU.ActiveCfg = Release|Any CPU
		{DA6F2EA3-66A8-4BF7-A451-E85A4828794D}.Release|Any CPU.Build.0 = Release|Any CPU
	EndGlobalSection
	GlobalSection(SolutionProperties) = preSolution
		HideSolutionNode = FALSE
	EndGlobalSection
EndGlobal
